
Microsoft Visual Studio Solution File, Format Version 12.00
# Visual Studio Version 17
VisualStudioVersion = 17.14.36202.13
MinimumVisualStudioVersion = 10.0.40219.1
Project("{FAE04EC0-301F-11D3-BF4B-00C04F79EFBC}") = "GoldTrading", "GoldTrading\GoldTrading.csproj", "{1372B07C-6AD0-4849-9FA6-80B0551561E3}"
EndProject
Project("{FAE04EC0-301F-11D3-BF4B-00C04F79EFBC}") = "GoldTrading.UnitTest", "GoldTrading.UnitTest\GoldTrading.UnitTest.csproj", "{FE7B4BA1-0F9B-42DF-A0F2-72C656B1F690}"
EndProject
Global
	GlobalSection(SolutionConfigurationPlatforms) = preSolution
		Debug|Any CPU = Debug|Any CPU
		Release|Any CPU = Release|Any CPU
	EndGlobalSection
	GlobalSection(ProjectConfigurationPlatforms) = postSolution
		{1372B07C-6AD0-4849-9FA6-80B0551561E3}.Debug|Any CPU.ActiveCfg = Debug|Any CPU
		{1372B07C-6AD0-4849-9FA6-80B0551561E3}.Debug|Any CPU.Build.0 = Debug|Any CPU
		{1372B07C-6AD0-4849-9FA6-80B0551561E3}.Release|Any CPU.ActiveCfg = Release|Any CPU
		{1372B07C-6AD0-4849-9FA6-80B0551561E3}.Release|Any CPU.Build.0 = Release|Any CPU
		{FE7B4BA1-0F9B-42DF-A0F2-72C656B1F690}.Debug|Any CPU.ActiveCfg = Debug|Any CPU
		{FE7B4BA1-0F9B-42DF-A0F2-72C656B1F690}.Debug|Any CPU.Build.0 = Debug|Any CPU
		{FE7B4BA1-0F9B-42DF-A0F2-72C656B1F690}.Release|Any CPU.ActiveCfg = Release|Any CPU
		{FE7B4BA1-0F9B-42DF-A0F2-72C656B1F690}.Release|Any CPU.Build.0 = Release|Any CPU
	EndGlobalSection
	GlobalSection(SolutionProperties) = preSolution
		HideSolutionNode = FALSE
	EndGlobalSection
	GlobalSection(ExtensibilityGlobals) = postSolution
		SolutionGuid = {10F45405-6D41-482B-AE5A-807AD3623F19}
	EndGlobalSection
EndGlobal
